
Microsoft Visual Studio Solution File, Format Version 12.00
# Visual Studio Version 17
VisualStudioVersion = 17.0.32014.148
MinimumVisualStudioVersion = 10.0.40219.1
Project("{FAE04EC0-301F-11D3-BF4B-00C04F79EFBC}") = "Aula2", "Aula2\Aula2.csproj", "{A15C19A3-48FF-445F-B569-44CC603161C2}"
EndProject
Global
	GlobalSection(SolutionConfigurationPlatforms) = preSolution
		Debug|Any CPU = Debug|Any CPU
		Release|Any CPU = Release|Any CPU
	EndGlobalSection
	GlobalSection(ProjectConfigurationPlatforms) = postSolution
		{A15C19A3-48FF-445F-B569-44CC603161C2}.Debug|Any CPU.ActiveCfg = Debug|Any CPU
		{A15C19A3-48FF-445F-B569-44CC603161C2}.Debug|Any CPU.Build.0 = Debug|Any CPU
		{A15C19A3-48FF-445F-B569-44CC603161C2}.Release|Any CPU.ActiveCfg = Release|Any CPU
		{A15C19A3-48FF-445F-B569-44CC603161C2}.Release|Any CPU.Build.0 = Release|Any CPU
	EndGlobalSection
	GlobalSection(SolutionProperties) = preSolution
		HideSolutionNode = FALSE
	EndGlobalSection
	GlobalSection(ExtensibilityGlobals) = postSolution
		SolutionGuid = {8E80EDCC-01C9-4D29-A2DD-13016929EE97}
	EndGlobalSection
EndGlobal
